
Microsoft Visual Studio Solution File, Format Version 12.00
# Visual Studio 14
VisualStudioVersion = 14.0.25420.1
MinimumVisualStudioVersion = 10.0.40219.1
Project("{FAE04EC0-301F-11D3-BF4B-00C04F79EFBC}") = "BLLJIMP", "BLLJIMP\BLLJIMP.csproj", "{38D7AA58-C95B-449B-86C6-A8073A56E11F}"
EndProject
Project("{FAE04EC0-301F-11D3-BF4B-00C04F79EFBC}") = "Web", "Web\Web.csproj", "{E22E2694-E270-4D70-AA82-E85A17E670B2}"
EndProject
Project("{FAE04EC0-301F-11D3-BF4B-00C04F79EFBC}") = "BLLPermission", "BLLPermission\BLLPermission.csproj", "{4E3CC450-E8CA-49C0-BCF9-E1AF71DE1CEF}"
EndProject
Project("{FAE04EC0-301F-11D3-BF4B-00C04F79EFBC}") = "BLLModule", "BLLModule\BLLModule.csproj", "{765B0FB4-DEB2-403F-9EAD-0B4627A995EE}"
EndProject
Project("{FAE04EC0-301F-11D3-BF4B-00C04F79EFBC}") = "BLLWXOAuthModule", "WXOAuthModule\BLLWXOAuthModule.csproj", "{3A920D14-BF45-4C8C-B140-4A41BACA6A82}"
EndProject
Project("{FAE04EC0-301F-11D3-BF4B-00C04F79EFBC}") = "BLLWebAccessLogsModule", "BLLWebAccessLogsModule\BLLWebAccessLogsModule.csproj", "{0FDE8FE6-93D4-463E-B0E4-22EEF031E607}"
EndProject
Project("{FAE04EC0-301F-11D3-BF4B-00C04F79EFBC}") = "Payment", "Payment\Payment.csproj", "{BF11A23A-9C9C-4EC8-B3CE-FB76CE112FEE}"
EndProject
Project("{FAE04EC0-301F-11D3-BF4B-00C04F79EFBC}") = "ServerDaemon", "ServerDaemon\ServerDaemon.csproj", "{50A1D641-CD77-49AB-88C1-266C04A28B27}"
EndProject
Project("{2150E333-8FDC-42A3-9474-1A3956D46DE8}") = "CommonPlatform.Library", "CommonPlatform.Library", "{E2D5CA64-B289-491D-9EAE-144429DD78CA}"
EndProject
Project("{2150E333-8FDC-42A3-9474-1A3956D46DE8}") = "CommonPlatform.App", "CommonPlatform.App", "{8C5CE879-89BA-4605-925F-33F813BBF129}"
EndProject
Project("{2150E333-8FDC-42A3-9474-1A3956D46DE8}") = "CommonPlatform.Services", "CommonPlatform.Services", "{F90CD951-4E3D-4D11-B027-9BF64B0AACC9}"
EndProject
Project("{FAE04EC0-301F-11D3-BF4B-00C04F79EFBC}") = "CommonPlatform.Helper", "CommonPlatform.Helper\CommonPlatform.Helper.csproj", "{52C4A8FB-B358-422B-A3A1-09EA73203D68}"
EndProject
Project("{FAE04EC0-301F-11D3-BF4B-00C04F79EFBC}") = "Ueditor.Helper", "Ueditor.Helper\Ueditor.Helper.csproj", "{F37FAF4F-83D0-4B37-ABB2-BE76CEF0F3B4}"
EndProject
Project("{FAE04EC0-301F-11D3-BF4B-00C04F79EFBC}") = "ZCCommon", "ZCCommon\ZCCommon.csproj", "{66816E20-66B9-4BAB-871F-45EFE110146B}"
EndProject
Project("{FAE04EC0-301F-11D3-BF4B-00C04F79EFBC}") = "Open.EfastSDK", "Open.EfastSDK\Open.EfastSDK.csproj", "{0A41A74D-09B3-4210-AD83-A5F7F26643C4}"
EndProject
Project("{FAE04EC0-301F-11D3-BF4B-00C04F79EFBC}") = "Open.EZRproSDK", "Open.EZRproSDK\Open.EZRproSDK.csproj", "{9FBE17E9-D940-4D0C-BDD2-F084C24DE017}"
EndProject
Project("{FAE04EC0-301F-11D3-BF4B-00C04F79EFBC}") = "ZCBLLEngine", "ZCBLLEngine\ZCBLLEngine.csproj", "{67A2097C-482C-4E08-A3BB-CF7A01C2FFE1}"
EndProject
Project("{FAE04EC0-301F-11D3-BF4B-00C04F79EFBC}") = "ZCDALEngine", "ZCDBEngine\ZCDALEngine.csproj", "{9722B8C9-701E-4F27-835F-EF9C79A7C554}"
EndProject
Project("{FAE04EC0-301F-11D3-BF4B-00C04F79EFBC}") = "AliOss", "OssHelper\AliOss.csproj", "{F916A046-8D39-4038-892E-EF00A83CAF22}"
EndProject
Project("{FAE04EC0-301F-11D3-BF4B-00C04F79EFBC}") = "WindowsService", "WindowsService\WindowsService.csproj", "{99D0DFB4-216C-457B-B004-4F2914CF7AAB}"
EndProject
Project("{FAE04EC0-301F-11D3-BF4B-00C04F79EFBC}") = "FileUploadOss", "FileUploadOss\FileUploadOss.csproj", "{D23412B1-67C7-41AD-8ECB-7FFA2224DE48}"
EndProject
Project("{FAE04EC0-301F-11D3-BF4B-00C04F79EFBC}") = "Open.HongWareSDK", "Open.HongWareSDK\Open.HongWareSDK.csproj", "{44D6B3B7-4B8F-402D-ACDC-D25564BF03A8}"
EndProject
Project("{FAE04EC0-301F-11D3-BF4B-00C04F79EFBC}") = "dashboard", "dashboard\dashboard.csproj", "{307AD912-E473-43A4-975B-78A430D0F398}"
EndProject
Project("{FAE04EC0-301F-11D3-BF4B-00C04F79EFBC}") = "RedisHelper", "RedisHelper\RedisHelper.csproj", "{307AD912-E473-43A4-975B-78A430D0F399}"
EndProject
Project("{2150E333-8FDC-42A3-9474-1A3956D46DE8}") = ".nuget", ".nuget", "{8D3D215C-D706-40E0-9839-5E172551FC4B}"
	ProjectSection(SolutionItems) = preProject
		.nuget\NuGet.Config = .nuget\NuGet.Config
		.nuget\NuGet.exe = .nuget\NuGet.exe
		.nuget\NuGet.targets = .nuget\NuGet.targets
	EndProjectSection
EndProject
Project("{FAE04EC0-301F-11D3-BF4B-00C04F79EFBC}") = "NeteaseIMSDK", "NeteaseIMSDK\NeteaseIMSDK.csproj", "{154257F9-014F-40ED-AD4E-73C13C482653}"
EndProject
Project("{FAE04EC0-301F-11D3-BF4B-00C04F79EFBC}") = "WebSocketForm", "WebSocketForm\WebSocketForm.csproj", "{13C525AD-74DB-43A9-944B-C1B2C99C228B}"
EndProject
Project("{FAE04EC0-301F-11D3-BF4B-00C04F79EFBC}") = "AliStock", "AliStock\AliStock.csproj", "{D35152F9-A061-4586-B834-58C180F3A97D}"
EndProject
Project("{2150E333-8FDC-42A3-9474-1A3956D46DE8}") = "CommonPlatform.WindowService", "CommonPlatform.WindowService", "{0A539509-35C9-4C07-863E-81D0180A80FF}"
EndProject
Project("{FAE04EC0-301F-11D3-BF4B-00C04F79EFBC}") = "StockChartService", "StockChartService\StockChartService.csproj", "{491C1568-FB8B-4521-9A11-1315AE5C7DDC}"
EndProject
Project("{FAE04EC0-301F-11D3-BF4B-00C04F79EFBC}") = "SongheServie", "SongheServie\SongheServie.csproj", "{8B5A6D30-A185-4ED7-9D91-A3CB4B2333D5}"
EndProject
Project("{FAE04EC0-301F-11D3-BF4B-00C04F79EFBC}") = "WebSocketConsole", "WebSocketConsole\WebSocketConsole.csproj", "{3D4FDE61-0C66-4A6A-9AC4-51DAEB12FB95}"
EndProject
Project("{FAE04EC0-301F-11D3-BF4B-00C04F79EFBC}") = "MQConsumerConsole", "MQConsumerConsole\MQConsumerConsole.csproj", "{4372331B-06CC-4449-AE0D-516C79E6A9C4}"
EndProject
Project("{FAE04EC0-301F-11D3-BF4B-00C04F79EFBC}") = "MQPublisherConsole", "MQPublisherConsole\MQPublisherConsole.csproj", "{141707B1-B60C-45C0-96CE-0EFB6667CEFD}"
EndProject
Project("{FAE04EC0-301F-11D3-BF4B-00C04F79EFBC}") = "ZCAppPush", "ZCAppPush\ZCAppPush.csproj", "{07141F01-D925-4637-8277-588BF3BCB411}"
EndProject
Project("{FAE04EC0-301F-11D3-BF4B-00C04F79EFBC}") = "AopSdk", "..\..\资料\alipay-sdk-NET-20170411150206\AopSdk.csproj", "{9C11CAE5-5188-4E71-825B-68FC3135728A}"
EndProject
Project("{FAE04EC0-301F-11D3-BF4B-00C04F79EFBC}") = "EfastClient", "EfastClient\EfastClient\EfastClient.csproj", "{DD0D3BC6-818C-4A1B-8A4E-95CBFD088F91}"
EndProject
Project("{FAE04EC0-301F-11D3-BF4B-00C04F79EFBC}") = "AZStorage", "AZStorage\AZStorage.csproj", "{D6394F37-0417-45EC-82B7-66E2D4E61E8F}"
EndProject
Global
	GlobalSection(SolutionConfigurationPlatforms) = preSolution
		Debug|Any CPU = Debug|Any CPU
		Debug|Mixed Platforms = Debug|Mixed Platforms
		Debug|x86 = Debug|x86
		Release|Any CPU = Release|Any CPU
		Release|Mixed Platforms = Release|Mixed Platforms
		Release|x86 = Release|x86
	EndGlobalSection
	GlobalSection(ProjectConfigurationPlatforms) = postSolution
		{38D7AA58-C95B-449B-86C6-A8073A56E11F}.Debug|Any CPU.ActiveCfg = Debug|Any CPU
		{38D7AA58-C95B-449B-86C6-A8073A56E11F}.Debug|Any CPU.Build.0 = Debug|Any CPU
		{38D7AA58-C95B-449B-86C6-A8073A56E11F}.Debug|Mixed Platforms.ActiveCfg = Debug|Any CPU
		{38D7AA58-C95B-449B-86C6-A8073A56E11F}.Debug|Mixed Platforms.Build.0 = Debug|Any CPU
		{38D7AA58-C95B-449B-86C6-A8073A56E11F}.Debug|x86.ActiveCfg = Debug|Any CPU
		{38D7AA58-C95B-449B-86C6-A8073A56E11F}.Release|Any CPU.ActiveCfg = Release|Any CPU
		{38D7AA58-C95B-449B-86C6-A8073A56E11F}.Release|Any CPU.Build.0 = Release|Any CPU
		{38D7AA58-C95B-449B-86C6-A8073A56E11F}.Release|Mixed Platforms.ActiveCfg = Release|Any CPU
		{38D7AA58-C95B-449B-86C6-A8073A56E11F}.Release|Mixed Platforms.Build.0 = Release|Any CPU
		{38D7AA58-C95B-449B-86C6-A8073A56E11F}.Release|x86.ActiveCfg = Release|Any CPU
		{E22E2694-E270-4D70-AA82-E85A17E670B2}.Debug|Any CPU.ActiveCfg = Debug|Any CPU
		{E22E2694-E270-4D70-AA82-E85A17E670B2}.Debug|Any CPU.Build.0 = Debug|Any CPU
		{E22E2694-E270-4D70-AA82-E85A17E670B2}.Debug|Mixed Platforms.ActiveCfg = Debug|Any CPU
		{E22E2694-E270-4D70-AA82-E85A17E670B2}.Debug|Mixed Platforms.Build.0 = Debug|Any CPU
		{E22E2694-E270-4D70-AA82-E85A17E670B2}.Debug|x86.ActiveCfg = Debug|Any CPU
		{E22E2694-E270-4D70-AA82-E85A17E670B2}.Release|Any CPU.ActiveCfg = Release|Any CPU
		{E22E2694-E270-4D70-AA82-E85A17E670B2}.Release|Any CPU.Build.0 = Release|Any CPU
		{E22E2694-E270-4D70-AA82-E85A17E670B2}.Release|Mixed Platforms.ActiveCfg = Release|Any CPU
		{E22E2694-E270-4D70-AA82-E85A17E670B2}.Release|Mixed Platforms.Build.0 = Release|Any CPU
		{E22E2694-E270-4D70-AA82-E85A17E670B2}.Release|x86.ActiveCfg = Release|Any CPU
		{4E3CC450-E8CA-49C0-BCF9-E1AF71DE1CEF}.Debug|Any CPU.ActiveCfg = Debug|Any CPU
		{4E3CC450-E8CA-49C0-BCF9-E1AF71DE1CEF}.Debug|Any CPU.Build.0 = Debug|Any CPU
		{4E3CC450-E8CA-49C0-BCF9-E1AF71DE1CEF}.Debug|Mixed Platforms.ActiveCfg = Debug|Any CPU
		{4E3CC450-E8CA-49C0-BCF9-E1AF71DE1CEF}.Debug|Mixed Platforms.Build.0 = Debug|Any CPU
		{4E3CC450-E8CA-49C0-BCF9-E1AF71DE1CEF}.Debug|x86.ActiveCfg = Debug|Any CPU
		{4E3CC450-E8CA-49C0-BCF9-E1AF71DE1CEF}.Release|Any CPU.ActiveCfg = Release|Any CPU
		{4E3CC450-E8CA-49C0-BCF9-E1AF71DE1CEF}.Release|Any CPU.Build.0 = Release|Any CPU
		{4E3CC450-E8CA-49C0-BCF9-E1AF71DE1CEF}.Release|Mixed Platforms.ActiveCfg = Release|Any CPU
		{4E3CC450-E8CA-49C0-BCF9-E1AF71DE1CEF}.Release|Mixed Platforms.Build.0 = Release|Any CPU
		{4E3CC450-E8CA-49C0-BCF9-E1AF71DE1CEF}.Release|x86.ActiveCfg = Release|Any CPU
		{765B0FB4-DEB2-403F-9EAD-0B4627A995EE}.Debug|Any CPU.ActiveCfg = Debug|Any CPU
		{765B0FB4-DEB2-403F-9EAD-0B4627A995EE}.Debug|Any CPU.Build.0 = Debug|Any CPU
		{765B0FB4-DEB2-403F-9EAD-0B4627A995EE}.Debug|Mixed Platforms.ActiveCfg = Debug|Any CPU
		{765B0FB4-DEB2-403F-9EAD-0B4627A995EE}.Debug|Mixed Platforms.Build.0 = Debug|Any CPU
		{765B0FB4-DEB2-403F-9EAD-0B4627A995EE}.Debug|x86.ActiveCfg = Debug|Any CPU
		{765B0FB4-DEB2-403F-9EAD-0B4627A995EE}.Release|Any CPU.ActiveCfg = Release|Any CPU
		{765B0FB4-DEB2-403F-9EAD-0B4627A995EE}.Release|Any CPU.Build.0 = Release|Any CPU
		{765B0FB4-DEB2-403F-9EAD-0B4627A995EE}.Release|Mixed Platforms.ActiveCfg = Release|Any CPU
		{765B0FB4-DEB2-403F-9EAD-0B4627A995EE}.Release|Mixed Platforms.Build.0 = Release|Any CPU
		{765B0FB4-DEB2-403F-9EAD-0B4627A995EE}.Release|x86.ActiveCfg = Release|Any CPU
		{3A920D14-BF45-4C8C-B140-4A41BACA6A82}.Debug|Any CPU.ActiveCfg = Debug|Any CPU
		{3A920D14-BF45-4C8C-B140-4A41BACA6A82}.Debug|Any CPU.Build.0 = Debug|Any CPU
		{3A920D14-BF45-4C8C-B140-4A41BACA6A82}.Debug|Mixed Platforms.ActiveCfg = Debug|Any CPU
		{3A920D14-BF45-4C8C-B140-4A41BACA6A82}.Debug|Mixed Platforms.Build.0 = Debug|Any CPU
		{3A920D14-BF45-4C8C-B140-4A41BACA6A82}.Debug|x86.ActiveCfg = Debug|Any CPU
		{3A920D14-BF45-4C8C-B140-4A41BACA6A82}.Release|Any CPU.ActiveCfg = Release|Any CPU
		{3A920D14-BF45-4C8C-B140-4A41BACA6A82}.Release|Any CPU.Build.0 = Release|Any CPU
		{3A920D14-BF45-4C8C-B140-4A41BACA6A82}.Release|Mixed Platforms.ActiveCfg = Release|Any CPU
		{3A920D14-BF45-4C8C-B140-4A41BACA6A82}.Release|Mixed Platforms.Build.0 = Release|Any CPU
		{3A920D14-BF45-4C8C-B140-4A41BACA6A82}.Release|x86.ActiveCfg = Release|Any CPU
		{0FDE8FE6-93D4-463E-B0E4-22EEF031E607}.Debug|Any CPU.ActiveCfg = Debug|Any CPU
		{0FDE8FE6-93D4-463E-B0E4-22EEF031E607}.Debug|Any CPU.Build.0 = Debug|Any CPU
		{0FDE8FE6-93D4-463E-B0E4-22EEF031E607}.Debug|Mixed Platforms.ActiveCfg = Debug|Any CPU
		{0FDE8FE6-93D4-463E-B0E4-22EEF031E607}.Debug|Mixed Platforms.Build.0 = Debug|Any CPU
		{0FDE8FE6-93D4-463E-B0E4-22EEF031E607}.Debug|x86.ActiveCfg = Debug|Any CPU
		{0FDE8FE6-93D4-463E-B0E4-22EEF031E607}.Release|Any CPU.ActiveCfg = Release|Any CPU
		{0FDE8FE6-93D4-463E-B0E4-22EEF031E607}.Release|Any CPU.Build.0 = Release|Any CPU
		{0FDE8FE6-93D4-463E-B0E4-22EEF031E607}.Release|Mixed Platforms.ActiveCfg = Release|Any CPU
		{0FDE8FE6-93D4-463E-B0E4-22EEF031E607}.Release|Mixed Platforms.Build.0 = Release|Any CPU
		{0FDE8FE6-93D4-463E-B0E4-22EEF031E607}.Release|x86.ActiveCfg = Release|Any CPU
		{BF11A23A-9C9C-4EC8-B3CE-FB76CE112FEE}.Debug|Any CPU.ActiveCfg = Debug|Any CPU
		{BF11A23A-9C9C-4EC8-B3CE-FB76CE112FEE}.Debug|Any CPU.Build.0 = Debug|Any CPU
		{BF11A23A-9C9C-4EC8-B3CE-FB76CE112FEE}.Debug|Mixed Platforms.ActiveCfg = Debug|Any CPU
		{BF11A23A-9C9C-4EC8-B3CE-FB76CE112FEE}.Debug|Mixed Platforms.Build.0 = Debug|Any CPU
		{BF11A23A-9C9C-4EC8-B3CE-FB76CE112FEE}.Debug|x86.ActiveCfg = Debug|Any CPU
		{BF11A23A-9C9C-4EC8-B3CE-FB76CE112FEE}.Release|Any CPU.ActiveCfg = Release|Any CPU
		{BF11A23A-9C9C-4EC8-B3CE-FB76CE112FEE}.Release|Any CPU.Build.0 = Release|Any CPU
		{BF11A23A-9C9C-4EC8-B3CE-FB76CE112FEE}.Release|Mixed Platforms.ActiveCfg = Release|Any CPU
		{BF11A23A-9C9C-4EC8-B3CE-FB76CE112FEE}.Release|Mixed Platforms.Build.0 = Release|Any CPU
		{BF11A23A-9C9C-4EC8-B3CE-FB76CE112FEE}.Release|x86.ActiveCfg = Release|Any CPU
		{50A1D641-CD77-49AB-88C1-266C04A28B27}.Debug|Any CPU.ActiveCfg = Debug|x86
		{50A1D641-CD77-49AB-88C1-266C04A28B27}.Debug|Mixed Platforms.ActiveCfg = Debug|x86
		{50A1D641-CD77-49AB-88C1-266C04A28B27}.Debug|Mixed Platforms.Build.0 = Debug|x86
		{50A1D641-CD77-49AB-88C1-266C04A28B27}.Debug|x86.ActiveCfg = Debug|x86
		{50A1D641-CD77-49AB-88C1-266C04A28B27}.Debug|x86.Build.0 = Debug|x86
		{50A1D641-CD77-49AB-88C1-266C04A28B27}.Release|Any CPU.ActiveCfg = Release|x86
		{50A1D641-CD77-49AB-88C1-266C04A28B27}.Release|Mixed Platforms.ActiveCfg = Release|x86
		{50A1D641-CD77-49AB-88C1-266C04A28B27}.Release|Mixed Platforms.Build.0 = Release|x86
		{50A1D641-CD77-49AB-88C1-266C04A28B27}.Release|x86.ActiveCfg = Release|x86
		{50A1D641-CD77-49AB-88C1-266C04A28B27}.Release|x86.Build.0 = Release|x86
		{52C4A8FB-B358-422B-A3A1-09EA73203D68}.Debug|Any CPU.ActiveCfg = Debug|Any CPU
		{52C4A8FB-B358-422B-A3A1-09EA73203D68}.Debug|Any CPU.Build.0 = Debug|Any CPU
		{52C4A8FB-B358-422B-A3A1-09EA73203D68}.Debug|Mixed Platforms.ActiveCfg = Debug|Any CPU
		{52C4A8FB-B358-422B-A3A1-09EA73203D68}.Debug|Mixed Platforms.Build.0 = Debug|Any CPU
		{52C4A8FB-B358-422B-A3A1-09EA73203D68}.Debug|x86.ActiveCfg = Debug|Any CPU
		{52C4A8FB-B358-422B-A3A1-09EA73203D68}.Release|Any CPU.ActiveCfg = Release|Any CPU
		{52C4A8FB-B358-422B-A3A1-09EA73203D68}.Release|Any CPU.Build.0 = Release|Any CPU
		{52C4A8FB-B358-422B-A3A1-09EA73203D68}.Release|Mixed Platforms.ActiveCfg = Release|Any CPU
		{52C4A8FB-B358-422B-A3A1-09EA73203D68}.Release|Mixed Platforms.Build.0 = Release|Any CPU
		{52C4A8FB-B358-422B-A3A1-09EA73203D68}.Release|x86.ActiveCfg = Release|Any CPU
		{F37FAF4F-83D0-4B37-ABB2-BE76CEF0F3B4}.Debug|Any CPU.ActiveCfg = Debug|Any CPU
		{F37FAF4F-83D0-4B37-ABB2-BE76CEF0F3B4}.Debug|Any CPU.Build.0 = Debug|Any CPU
		{F37FAF4F-83D0-4B37-ABB2-BE76CEF0F3B4}.Debug|Mixed Platforms.ActiveCfg = Debug|Any CPU
		{F37FAF4F-83D0-4B37-ABB2-BE76CEF0F3B4}.Debug|Mixed Platforms.Build.0 = Debug|Any CPU
		{F37FAF4F-83D0-4B37-ABB2-BE76CEF0F3B4}.Debug|x86.ActiveCfg = Debug|Any CPU
		{F37FAF4F-83D0-4B37-ABB2-BE76CEF0F3B4}.Release|Any CPU.ActiveCfg = Release|Any CPU
		{F37FAF4F-83D0-4B37-ABB2-BE76CEF0F3B4}.Release|Any CPU.Build.0 = Release|Any CPU
		{F37FAF4F-83D0-4B37-ABB2-BE76CEF0F3B4}.Release|Mixed Platforms.ActiveCfg = Release|Any CPU
		{F37FAF4F-83D0-4B37-ABB2-BE76CEF0F3B4}.Release|Mixed Platforms.Build.0 = Release|Any CPU
		{F37FAF4F-83D0-4B37-ABB2-BE76CEF0F3B4}.Release|x86.ActiveCfg = Release|Any CPU
		{66816E20-66B9-4BAB-871F-45EFE110146B}.Debug|Any CPU.ActiveCfg = Debug|Any CPU
		{66816E20-66B9-4BAB-871F-45EFE110146B}.Debug|Any CPU.Build.0 = Debug|Any CPU
		{66816E20-66B9-4BAB-871F-45EFE110146B}.Debug|Mixed Platforms.ActiveCfg = Debug|Any CPU
		{66816E20-66B9-4BAB-871F-45EFE110146B}.Debug|Mixed Platforms.Build.0 = Debug|Any CPU
		{66816E20-66B9-4BAB-871F-45EFE110146B}.Debug|x86.ActiveCfg = Debug|Any CPU
		{66816E20-66B9-4BAB-871F-45EFE110146B}.Release|Any CPU.ActiveCfg = Release|Any CPU
		{66816E20-66B9-4BAB-871F-45EFE110146B}.Release|Any CPU.Build.0 = Release|Any CPU
		{66816E20-66B9-4BAB-871F-45EFE110146B}.Release|Mixed Platforms.ActiveCfg = Release|Any CPU
		{66816E20-66B9-4BAB-871F-45EFE110146B}.Release|Mixed Platforms.Build.0 = Release|Any CPU
		{66816E20-66B9-4BAB-871F-45EFE110146B}.Release|x86.ActiveCfg = Release|Any CPU
		{0A41A74D-09B3-4210-AD83-A5F7F26643C4}.Debug|Any CPU.ActiveCfg = Debug|Any CPU
		{0A41A74D-09B3-4210-AD83-A5F7F26643C4}.Debug|Any CPU.Build.0 = Debug|Any CPU
		{0A41A74D-09B3-4210-AD83-A5F7F26643C4}.Debug|Mixed Platforms.ActiveCfg = Debug|Any CPU
		{0A41A74D-09B3-4210-AD83-A5F7F26643C4}.Debug|Mixed Platforms.Build.0 = Debug|Any CPU
		{0A41A74D-09B3-4210-AD83-A5F7F26643C4}.Debug|x86.ActiveCfg = Debug|Any CPU
		{0A41A74D-09B3-4210-AD83-A5F7F26643C4}.Debug|x86.Build.0 = Debug|Any CPU
		{0A41A74D-09B3-4210-AD83-A5F7F26643C4}.Release|Any CPU.ActiveCfg = Release|Any CPU
		{0A41A74D-09B3-4210-AD83-A5F7F26643C4}.Release|Any CPU.Build.0 = Release|Any CPU
		{0A41A74D-09B3-4210-AD83-A5F7F26643C4}.Release|Mixed Platforms.ActiveCfg = Release|Any CPU
		{0A41A74D-09B3-4210-AD83-A5F7F26643C4}.Release|Mixed Platforms.Build.0 = Release|Any CPU
		{0A41A74D-09B3-4210-AD83-A5F7F26643C4}.Release|x86.ActiveCfg = Release|Any CPU
		{0A41A74D-09B3-4210-AD83-A5F7F26643C4}.Release|x86.Build.0 = Release|Any CPU
		{9FBE17E9-D940-4D0C-BDD2-F084C24DE017}.Debug|Any CPU.ActiveCfg = Debug|Any CPU
		{9FBE17E9-D940-4D0C-BDD2-F084C24DE017}.Debug|Any CPU.Build.0 = Debug|Any CPU
		{9FBE17E9-D940-4D0C-BDD2-F084C24DE017}.Debug|Mixed Platforms.ActiveCfg = Debug|Any CPU
		{9FBE17E9-D940-4D0C-BDD2-F084C24DE017}.Debug|Mixed Platforms.Build.0 = Debug|Any CPU
		{9FBE17E9-D940-4D0C-BDD2-F084C24DE017}.Debug|x86.ActiveCfg = Debug|Any CPU
		{9FBE17E9-D940-4D0C-BDD2-F084C24DE017}.Debug|x86.Build.0 = Debug|Any CPU
		{9FBE17E9-D940-4D0C-BDD2-F084C24DE017}.Release|Any CPU.ActiveCfg = Release|Any CPU
		{9FBE17E9-D940-4D0C-BDD2-F084C24DE017}.Release|Any CPU.Build.0 = Release|Any CPU
		{9FBE17E9-D940-4D0C-BDD2-F084C24DE017}.Release|Mixed Platforms.ActiveCfg = Release|Any CPU
		{9FBE17E9-D940-4D0C-BDD2-F084C24DE017}.Release|Mixed Platforms.Build.0 = Release|Any CPU
		{9FBE17E9-D940-4D0C-BDD2-F084C24DE017}.Release|x86.ActiveCfg = Release|Any CPU
		{9FBE17E9-D940-4D0C-BDD2-F084C24DE017}.Release|x86.Build.0 = Release|Any CPU
		{67A2097C-482C-4E08-A3BB-CF7A01C2FFE1}.Debug|Any CPU.ActiveCfg = Debug|Any CPU
		{67A2097C-482C-4E08-A3BB-CF7A01C2FFE1}.Debug|Any CPU.Build.0 = Debug|Any CPU
		{67A2097C-482C-4E08-A3BB-CF7A01C2FFE1}.Debug|Mixed Platforms.ActiveCfg = Debug|Any CPU
		{67A2097C-482C-4E08-A3BB-CF7A01C2FFE1}.Debug|Mixed Platforms.Build.0 = Debug|Any CPU
		{67A2097C-482C-4E08-A3BB-CF7A01C2FFE1}.Debug|x86.ActiveCfg = Debug|Any CPU
		{67A2097C-482C-4E08-A3BB-CF7A01C2FFE1}.Debug|x86.Build.0 = Debug|Any CPU
		{67A2097C-482C-4E08-A3BB-CF7A01C2FFE1}.Release|Any CPU.ActiveCfg = Release|Any CPU
		{67A2097C-482C-4E08-A3BB-CF7A01C2FFE1}.Release|Any CPU.Build.0 = Release|Any CPU
		{67A2097C-482C-4E08-A3BB-CF7A01C2FFE1}.Release|Mixed Platforms.ActiveCfg = Release|Any CPU
		{67A2097C-482C-4E08-A3BB-CF7A01C2FFE1}.Release|Mixed Platforms.Build.0 = Release|Any CPU
		{67A2097C-482C-4E08-A3BB-CF7A01C2FFE1}.Release|x86.ActiveCfg = Release|Any CPU
		{67A2097C-482C-4E08-A3BB-CF7A01C2FFE1}.Release|x86.Build.0 = Release|Any CPU
		{9722B8C9-701E-4F27-835F-EF9C79A7C554}.Debug|Any CPU.ActiveCfg = Debug|Any CPU
		{9722B8C9-701E-4F27-835F-EF9C79A7C554}.Debug|Any CPU.Build.0 = Debug|Any CPU
		{9722B8C9-701E-4F27-835F-EF9C79A7C554}.Debug|Mixed Platforms.ActiveCfg = Debug|Any CPU
		{9722B8C9-701E-4F27-835F-EF9C79A7C554}.Debug|Mixed Platforms.Build.0 = Debug|Any CPU
		{9722B8C9-701E-4F27-835F-EF9C79A7C554}.Debug|x86.ActiveCfg = Debug|Any CPU
		{9722B8C9-701E-4F27-835F-EF9C79A7C554}.Debug|x86.Build.0 = Debug|Any CPU
		{9722B8C9-701E-4F27-835F-EF9C79A7C554}.Release|Any CPU.ActiveCfg = Release|Any CPU
		{9722B8C9-701E-4F27-835F-EF9C79A7C554}.Release|Any CPU.Build.0 = Release|Any CPU
		{9722B8C9-701E-4F27-835F-EF9C79A7C554}.Release|Mixed Platforms.ActiveCfg = Release|Any CPU
		{9722B8C9-701E-4F27-835F-EF9C79A7C554}.Release|Mixed Platforms.Build.0 = Release|Any CPU
		{9722B8C9-701E-4F27-835F-EF9C79A7C554}.Release|x86.ActiveCfg = Release|Any CPU
		{9722B8C9-701E-4F27-835F-EF9C79A7C554}.Release|x86.Build.0 = Release|Any CPU
		{F916A046-8D39-4038-892E-EF00A83CAF22}.Debug|Any CPU.ActiveCfg = Debug|Any CPU
		{F916A046-8D39-4038-892E-EF00A83CAF22}.Debug|Any CPU.Build.0 = Debug|Any CPU
		{F916A046-8D39-4038-892E-EF00A83CAF22}.Debug|Mixed Platforms.ActiveCfg = Debug|Any CPU
		{F916A046-8D39-4038-892E-EF00A83CAF22}.Debug|Mixed Platforms.Build.0 = Debug|Any CPU
		{F916A046-8D39-4038-892E-EF00A83CAF22}.Debug|x86.ActiveCfg = Debug|Any CPU
		{F916A046-8D39-4038-892E-EF00A83CAF22}.Release|Any CPU.ActiveCfg = Release|Any CPU
		{F916A046-8D39-4038-892E-EF00A83CAF22}.Release|Any CPU.Build.0 = Release|Any CPU
		{F916A046-8D39-4038-892E-EF00A83CAF22}.Release|Mixed Platforms.ActiveCfg = Release|Any CPU
		{F916A046-8D39-4038-892E-EF00A83CAF22}.Release|Mixed Platforms.Build.0 = Release|Any CPU
		{F916A046-8D39-4038-892E-EF00A83CAF22}.Release|x86.ActiveCfg = Release|Any CPU
		{99D0DFB4-216C-457B-B004-4F2914CF7AAB}.Debug|Any CPU.ActiveCfg = Debug|Any CPU
		{99D0DFB4-216C-457B-B004-4F2914CF7AAB}.Debug|Any CPU.Build.0 = Debug|Any CPU
		{99D0DFB4-216C-457B-B004-4F2914CF7AAB}.Debug|Mixed Platforms.ActiveCfg = Debug|Any CPU
		{99D0DFB4-216C-457B-B004-4F2914CF7AAB}.Debug|Mixed Platforms.Build.0 = Debug|Any CPU
		{99D0DFB4-216C-457B-B004-4F2914CF7AAB}.Debug|x86.ActiveCfg = Debug|Any CPU
		{99D0DFB4-216C-457B-B004-4F2914CF7AAB}.Release|Any CPU.ActiveCfg = Release|Any CPU
		{99D0DFB4-216C-457B-B004-4F2914CF7AAB}.Release|Any CPU.Build.0 = Release|Any CPU
		{99D0DFB4-216C-457B-B004-4F2914CF7AAB}.Release|Mixed Platforms.ActiveCfg = Release|Any CPU
		{99D0DFB4-216C-457B-B004-4F2914CF7AAB}.Release|Mixed Platforms.Build.0 = Release|Any CPU
		{99D0DFB4-216C-457B-B004-4F2914CF7AAB}.Release|x86.ActiveCfg = Release|Any CPU
		{D23412B1-67C7-41AD-8ECB-7FFA2224DE48}.Debug|Any CPU.ActiveCfg = Debug|Any CPU
		{D23412B1-67C7-41AD-8ECB-7FFA2224DE48}.Debug|Any CPU.Build.0 = Debug|Any CPU
		{D23412B1-67C7-41AD-8ECB-7FFA2224DE48}.Debug|Mixed Platforms.ActiveCfg = Debug|Any CPU
		{D23412B1-67C7-41AD-8ECB-7FFA2224DE48}.Debug|Mixed Platforms.Build.0 = Debug|Any CPU
		{D23412B1-67C7-41AD-8ECB-7FFA2224DE48}.Debug|x86.ActiveCfg = Debug|Any CPU
		{D23412B1-67C7-41AD-8ECB-7FFA2224DE48}.Release|Any CPU.ActiveCfg = Release|Any CPU
		{D23412B1-67C7-41AD-8ECB-7FFA2224DE48}.Release|Any CPU.Build.0 = Release|Any CPU
		{D23412B1-67C7-41AD-8ECB-7FFA2224DE48}.Release|Mixed Platforms.ActiveCfg = Release|Any CPU
		{D23412B1-67C7-41AD-8ECB-7FFA2224DE48}.Release|Mixed Platforms.Build.0 = Release|Any CPU
		{D23412B1-67C7-41AD-8ECB-7FFA2224DE48}.Release|x86.ActiveCfg = Release|Any CPU
		{44D6B3B7-4B8F-402D-ACDC-D25564BF03A8}.Debug|Any CPU.ActiveCfg = Debug|Any CPU
		{44D6B3B7-4B8F-402D-ACDC-D25564BF03A8}.Debug|Any CPU.Build.0 = Debug|Any CPU
		{44D6B3B7-4B8F-402D-ACDC-D25564BF03A8}.Debug|Mixed Platforms.ActiveCfg = Debug|Any CPU
		{44D6B3B7-4B8F-402D-ACDC-D25564BF03A8}.Debug|Mixed Platforms.Build.0 = Debug|Any CPU
		{44D6B3B7-4B8F-402D-ACDC-D25564BF03A8}.Debug|x86.ActiveCfg = Debug|Any CPU
		{44D6B3B7-4B8F-402D-ACDC-D25564BF03A8}.Release|Any CPU.ActiveCfg = Release|Any CPU
		{44D6B3B7-4B8F-402D-ACDC-D25564BF03A8}.Release|Any CPU.Build.0 = Release|Any CPU
		{44D6B3B7-4B8F-402D-ACDC-D25564BF03A8}.Release|Mixed Platforms.ActiveCfg = Release|Any CPU
		{44D6B3B7-4B8F-402D-ACDC-D25564BF03A8}.Release|Mixed Platforms.Build.0 = Release|Any CPU
		{44D6B3B7-4B8F-402D-ACDC-D25564BF03A8}.Release|x86.ActiveCfg = Release|Any CPU
		{307AD912-E473-43A4-975B-78A430D0F398}.Debug|Any CPU.ActiveCfg = Debug|Any CPU
		{307AD912-E473-43A4-975B-78A430D0F398}.Debug|Any CPU.Build.0 = Debug|Any CPU
		{307AD912-E473-43A4-975B-78A430D0F398}.Debug|Mixed Platforms.ActiveCfg = Debug|Any CPU
		{307AD912-E473-43A4-975B-78A430D0F398}.Debug|Mixed Platforms.Build.0 = Debug|Any CPU
		{307AD912-E473-43A4-975B-78A430D0F398}.Debug|x86.ActiveCfg = Debug|Any CPU
		{307AD912-E473-43A4-975B-78A430D0F398}.Debug|x86.Build.0 = Debug|Any CPU
		{307AD912-E473-43A4-975B-78A430D0F398}.Release|Any CPU.ActiveCfg = Release|Any CPU
		{307AD912-E473-43A4-975B-78A430D0F398}.Release|Any CPU.Build.0 = Release|Any CPU
		{307AD912-E473-43A4-975B-78A430D0F398}.Release|Mixed Platforms.ActiveCfg = Release|Any CPU
		{307AD912-E473-43A4-975B-78A430D0F398}.Release|Mixed Platforms.Build.0 = Release|Any CPU
		{307AD912-E473-43A4-975B-78A430D0F398}.Release|x86.ActiveCfg = Release|Any CPU
		{307AD912-E473-43A4-975B-78A430D0F398}.Release|x86.Build.0 = Release|Any CPU
		{307AD912-E473-43A4-975B-78A430D0F399}.Debug|Any CPU.ActiveCfg = Debug|Any CPU
		{307AD912-E473-43A4-975B-78A430D0F399}.Debug|Any CPU.Build.0 = Debug|Any CPU
		{307AD912-E473-43A4-975B-78A430D0F399}.Debug|Mixed Platforms.ActiveCfg = Debug|Any CPU
		{307AD912-E473-43A4-975B-78A430D0F399}.Debug|Mixed Platforms.Build.0 = Debug|Any CPU
		{307AD912-E473-43A4-975B-78A430D0F399}.Debug|x86.ActiveCfg = Debug|Any CPU
		{307AD912-E473-43A4-975B-78A430D0F399}.Release|Any CPU.ActiveCfg = Release|Any CPU
		{307AD912-E473-43A4-975B-78A430D0F399}.Release|Any CPU.Build.0 = Release|Any CPU
		{307AD912-E473-43A4-975B-78A430D0F399}.Release|Mixed Platforms.ActiveCfg = Release|Any CPU
		{307AD912-E473-43A4-975B-78A430D0F399}.Release|Mixed Platforms.Build.0 = Release|Any CPU
		{307AD912-E473-43A4-975B-78A430D0F399}.Release|x86.ActiveCfg = Release|Any CPU
		{154257F9-014F-40ED-AD4E-73C13C482653}.Debug|Any CPU.ActiveCfg = Debug|Any CPU
		{154257F9-014F-40ED-AD4E-73C13C482653}.Debug|Any CPU.Build.0 = Debug|Any CPU
		{154257F9-014F-40ED-AD4E-73C13C482653}.Debug|Mixed Platforms.ActiveCfg = Debug|Any CPU
		{154257F9-014F-40ED-AD4E-73C13C482653}.Debug|Mixed Platforms.Build.0 = Debug|Any CPU
		{154257F9-014F-40ED-AD4E-73C13C482653}.Debug|x86.ActiveCfg = Debug|Any CPU
		{154257F9-014F-40ED-AD4E-73C13C482653}.Debug|x86.Build.0 = Debug|Any CPU
		{154257F9-014F-40ED-AD4E-73C13C482653}.Release|Any CPU.ActiveCfg = Release|Any CPU
		{154257F9-014F-40ED-AD4E-73C13C482653}.Release|Any CPU.Build.0 = Release|Any CPU
		{154257F9-014F-40ED-AD4E-73C13C482653}.Release|Mixed Platforms.ActiveCfg = Release|Any CPU
		{154257F9-014F-40ED-AD4E-73C13C482653}.Release|Mixed Platforms.Build.0 = Release|Any CPU
		{154257F9-014F-40ED-AD4E-73C13C482653}.Release|x86.ActiveCfg = Release|Any CPU
		{154257F9-014F-40ED-AD4E-73C13C482653}.Release|x86.Build.0 = Release|Any CPU
		{13C525AD-74DB-43A9-944B-C1B2C99C228B}.Debug|Any CPU.ActiveCfg = Debug|Any CPU
		{13C525AD-74DB-43A9-944B-C1B2C99C228B}.Debug|Any CPU.Build.0 = Debug|Any CPU
		{13C525AD-74DB-43A9-944B-C1B2C99C228B}.Debug|Mixed Platforms.ActiveCfg = Debug|Any CPU
		{13C525AD-74DB-43A9-944B-C1B2C99C228B}.Debug|Mixed Platforms.Build.0 = Debug|Any CPU
		{13C525AD-74DB-43A9-944B-C1B2C99C228B}.Debug|x86.ActiveCfg = Debug|Any CPU
		{13C525AD-74DB-43A9-944B-C1B2C99C228B}.Release|Any CPU.ActiveCfg = Release|Any CPU
		{13C525AD-74DB-43A9-944B-C1B2C99C228B}.Release|Any CPU.Build.0 = Release|Any CPU
		{13C525AD-74DB-43A9-944B-C1B2C99C228B}.Release|Mixed Platforms.ActiveCfg = Release|Any CPU
		{13C525AD-74DB-43A9-944B-C1B2C99C228B}.Release|Mixed Platforms.Build.0 = Release|Any CPU
		{13C525AD-74DB-43A9-944B-C1B2C99C228B}.Release|x86.ActiveCfg = Release|Any CPU
		{D35152F9-A061-4586-B834-58C180F3A97D}.Debug|Any CPU.ActiveCfg = Debug|Any CPU
		{D35152F9-A061-4586-B834-58C180F3A97D}.Debug|Any CPU.Build.0 = Debug|Any CPU
		{D35152F9-A061-4586-B834-58C180F3A97D}.Debug|Mixed Platforms.ActiveCfg = Debug|Any CPU
		{D35152F9-A061-4586-B834-58C180F3A97D}.Debug|Mixed Platforms.Build.0 = Debug|Any CPU
		{D35152F9-A061-4586-B834-58C180F3A97D}.Debug|x86.ActiveCfg = Debug|Any CPU
		{D35152F9-A061-4586-B834-58C180F3A97D}.Release|Any CPU.ActiveCfg = Release|Any CPU
		{D35152F9-A061-4586-B834-58C180F3A97D}.Release|Any CPU.Build.0 = Release|Any CPU
		{D35152F9-A061-4586-B834-58C180F3A97D}.Release|Mixed Platforms.ActiveCfg = Release|Any CPU
		{D35152F9-A061-4586-B834-58C180F3A97D}.Release|Mixed Platforms.Build.0 = Release|Any CPU
		{D35152F9-A061-4586-B834-58C180F3A97D}.Release|x86.ActiveCfg = Release|Any CPU
		{491C1568-FB8B-4521-9A11-1315AE5C7DDC}.Debug|Any CPU.ActiveCfg = Debug|Any CPU
		{491C1568-FB8B-4521-9A11-1315AE5C7DDC}.Debug|Any CPU.Build.0 = Debug|Any CPU
		{491C1568-FB8B-4521-9A11-1315AE5C7DDC}.Debug|Mixed Platforms.ActiveCfg = Debug|Any CPU
		{491C1568-FB8B-4521-9A11-1315AE5C7DDC}.Debug|Mixed Platforms.Build.0 = Debug|Any CPU
		{491C1568-FB8B-4521-9A11-1315AE5C7DDC}.Debug|x86.ActiveCfg = Debug|Any CPU
		{491C1568-FB8B-4521-9A11-1315AE5C7DDC}.Release|Any CPU.ActiveCfg = Release|Any CPU
		{491C1568-FB8B-4521-9A11-1315AE5C7DDC}.Release|Any CPU.Build.0 = Release|Any CPU
		{491C1568-FB8B-4521-9A11-1315AE5C7DDC}.Release|Mixed Platforms.ActiveCfg = Release|Any CPU
		{491C1568-FB8B-4521-9A11-1315AE5C7DDC}.Release|Mixed Platforms.Build.0 = Release|Any CPU
		{491C1568-FB8B-4521-9A11-1315AE5C7DDC}.Release|x86.ActiveCfg = Release|Any CPU
		{8B5A6D30-A185-4ED7-9D91-A3CB4B2333D5}.Debug|Any CPU.ActiveCfg = Debug|Any CPU
		{8B5A6D30-A185-4ED7-9D91-A3CB4B2333D5}.Debug|Any CPU.Build.0 = Debug|Any CPU
		{8B5A6D30-A185-4ED7-9D91-A3CB4B2333D5}.Debug|Mixed Platforms.ActiveCfg = Debug|Any CPU
		{8B5A6D30-A185-4ED7-9D91-A3CB4B2333D5}.Debug|Mixed Platforms.Build.0 = Debug|Any CPU
		{8B5A6D30-A185-4ED7-9D91-A3CB4B2333D5}.Debug|x86.ActiveCfg = Debug|Any CPU
		{8B5A6D30-A185-4ED7-9D91-A3CB4B2333D5}.Release|Any CPU.ActiveCfg = Release|Any CPU
		{8B5A6D30-A185-4ED7-9D91-A3CB4B2333D5}.Release|Any CPU.Build.0 = Release|Any CPU
		{8B5A6D30-A185-4ED7-9D91-A3CB4B2333D5}.Release|Mixed Platforms.ActiveCfg = Release|Any CPU
		{8B5A6D30-A185-4ED7-9D91-A3CB4B2333D5}.Release|Mixed Platforms.Build.0 = Release|Any CPU
		{8B5A6D30-A185-4ED7-9D91-A3CB4B2333D5}.Release|x86.ActiveCfg = Release|Any CPU
		{3D4FDE61-0C66-4A6A-9AC4-51DAEB12FB95}.Debug|Any CPU.ActiveCfg = Debug|Any CPU
		{3D4FDE61-0C66-4A6A-9AC4-51DAEB12FB95}.Debug|Any CPU.Build.0 = Debug|Any CPU
		{3D4FDE61-0C66-4A6A-9AC4-51DAEB12FB95}.Debug|Mixed Platforms.ActiveCfg = Debug|Any CPU
		{3D4FDE61-0C66-4A6A-9AC4-51DAEB12FB95}.Debug|Mixed Platforms.Build.0 = Debug|Any CPU
		{3D4FDE61-0C66-4A6A-9AC4-51DAEB12FB95}.Debug|x86.ActiveCfg = Debug|Any CPU
		{3D4FDE61-0C66-4A6A-9AC4-51DAEB12FB95}.Release|Any CPU.ActiveCfg = Release|Any CPU
		{3D4FDE61-0C66-4A6A-9AC4-51DAEB12FB95}.Release|Any CPU.Build.0 = Release|Any CPU
		{3D4FDE61-0C66-4A6A-9AC4-51DAEB12FB95}.Release|Mixed Platforms.ActiveCfg = Release|Any CPU
		{3D4FDE61-0C66-4A6A-9AC4-51DAEB12FB95}.Release|Mixed Platforms.Build.0 = Release|Any CPU
		{3D4FDE61-0C66-4A6A-9AC4-51DAEB12FB95}.Release|x86.ActiveCfg = Release|Any CPU
		{4372331B-06CC-4449-AE0D-516C79E6A9C4}.Debug|Any CPU.ActiveCfg = Debug|Any CPU
		{4372331B-06CC-4449-AE0D-516C79E6A9C4}.Debug|Any CPU.Build.0 = Debug|Any CPU
		{4372331B-06CC-4449-AE0D-516C79E6A9C4}.Debug|Mixed Platforms.ActiveCfg = Debug|Any CPU
		{4372331B-06CC-4449-AE0D-516C79E6A9C4}.Debug|Mixed Platforms.Build.0 = Debug|Any CPU
		{4372331B-06CC-4449-AE0D-516C79E6A9C4}.Debug|x86.ActiveCfg = Debug|Any CPU
		{4372331B-06CC-4449-AE0D-516C79E6A9C4}.Debug|x86.Build.0 = Debug|Any CPU
		{4372331B-06CC-4449-AE0D-516C79E6A9C4}.Release|Any CPU.ActiveCfg = Release|Any CPU
		{4372331B-06CC-4449-AE0D-516C79E6A9C4}.Release|Any CPU.Build.0 = Release|Any CPU
		{4372331B-06CC-4449-AE0D-516C79E6A9C4}.Release|Mixed Platforms.ActiveCfg = Release|Any CPU
		{4372331B-06CC-4449-AE0D-516C79E6A9C4}.Release|Mixed Platforms.Build.0 = Release|Any CPU
		{4372331B-06CC-4449-AE0D-516C79E6A9C4}.Release|x86.ActiveCfg = Release|Any CPU
		{4372331B-06CC-4449-AE0D-516C79E6A9C4}.Release|x86.Build.0 = Release|Any CPU
		{141707B1-B60C-45C0-96CE-0EFB6667CEFD}.Debug|Any CPU.ActiveCfg = Debug|Any CPU
		{141707B1-B60C-45C0-96CE-0EFB6667CEFD}.Debug|Any CPU.Build.0 = Debug|Any CPU
		{141707B1-B60C-45C0-96CE-0EFB6667CEFD}.Debug|Mixed Platforms.ActiveCfg = Debug|Any CPU
		{141707B1-B60C-45C0-96CE-0EFB6667CEFD}.Debug|Mixed Platforms.Build.0 = Debug|Any CPU
		{141707B1-B60C-45C0-96CE-0EFB6667CEFD}.Debug|x86.ActiveCfg = Debug|Any CPU
		{141707B1-B60C-45C0-96CE-0EFB6667CEFD}.Debug|x86.Build.0 = Debug|Any CPU
		{141707B1-B60C-45C0-96CE-0EFB6667CEFD}.Release|Any CPU.ActiveCfg = Release|Any CPU
		{141707B1-B60C-45C0-96CE-0EFB6667CEFD}.Release|Any CPU.Build.0 = Release|Any CPU
		{141707B1-B60C-45C0-96CE-0EFB6667CEFD}.Release|Mixed Platforms.ActiveCfg = Release|Any CPU
		{141707B1-B60C-45C0-96CE-0EFB6667CEFD}.Release|Mixed Platforms.Build.0 = Release|Any CPU
		{141707B1-B60C-45C0-96CE-0EFB6667CEFD}.Release|x86.ActiveCfg = Release|Any CPU
		{141707B1-B60C-45C0-96CE-0EFB6667CEFD}.Release|x86.Build.0 = Release|Any CPU
		{07141F01-D925-4637-8277-588BF3BCB411}.Debug|Any CPU.ActiveCfg = Debug|Any CPU
		{07141F01-D925-4637-8277-588BF3BCB411}.Debug|Any CPU.Build.0 = Debug|Any CPU
		{07141F01-D925-4637-8277-588BF3BCB411}.Debug|Mixed Platforms.ActiveCfg = Debug|Any CPU
		{07141F01-D925-4637-8277-588BF3BCB411}.Debug|Mixed Platforms.Build.0 = Debug|Any CPU
		{07141F01-D925-4637-8277-588BF3BCB411}.Debug|x86.ActiveCfg = Debug|Any CPU
		{07141F01-D925-4637-8277-588BF3BCB411}.Release|Any CPU.ActiveCfg = Release|Any CPU
		{07141F01-D925-4637-8277-588BF3BCB411}.Release|Any CPU.Build.0 = Release|Any CPU
		{07141F01-D925-4637-8277-588BF3BCB411}.Release|Mixed Platforms.ActiveCfg = Release|Any CPU
		{07141F01-D925-4637-8277-588BF3BCB411}.Release|Mixed Platforms.Build.0 = Release|Any CPU
		{07141F01-D925-4637-8277-588BF3BCB411}.Release|x86.ActiveCfg = Release|Any CPU
		{9C11CAE5-5188-4E71-825B-68FC3135728A}.Debug|Any CPU.ActiveCfg = Debug|Any CPU
		{9C11CAE5-5188-4E71-825B-68FC3135728A}.Debug|Any CPU.Build.0 = Debug|Any CPU
		{9C11CAE5-5188-4E71-825B-68FC3135728A}.Debug|Mixed Platforms.ActiveCfg = Debug|Any CPU
		{9C11CAE5-5188-4E71-825B-68FC3135728A}.Debug|Mixed Platforms.Build.0 = Debug|Any CPU
		{9C11CAE5-5188-4E71-825B-68FC3135728A}.Debug|x86.ActiveCfg = Debug|Any CPU
		{9C11CAE5-5188-4E71-825B-68FC3135728A}.Release|Any CPU.ActiveCfg = Release|Any CPU
		{9C11CAE5-5188-4E71-825B-68FC3135728A}.Release|Any CPU.Build.0 = Release|Any CPU
		{9C11CAE5-5188-4E71-825B-68FC3135728A}.Release|Mixed Platforms.ActiveCfg = Release|Any CPU
		{9C11CAE5-5188-4E71-825B-68FC3135728A}.Release|Mixed Platforms.Build.0 = Release|Any CPU
		{9C11CAE5-5188-4E71-825B-68FC3135728A}.Release|x86.ActiveCfg = Release|Any CPU
		{DD0D3BC6-818C-4A1B-8A4E-95CBFD088F91}.Debug|Any CPU.ActiveCfg = Debug|x86
		{DD0D3BC6-818C-4A1B-8A4E-95CBFD088F91}.Debug|Mixed Platforms.ActiveCfg = Debug|x86
		{DD0D3BC6-818C-4A1B-8A4E-95CBFD088F91}.Debug|Mixed Platforms.Build.0 = Debug|x86
		{DD0D3BC6-818C-4A1B-8A4E-95CBFD088F91}.Debug|x86.ActiveCfg = Debug|x86
		{DD0D3BC6-818C-4A1B-8A4E-95CBFD088F91}.Debug|x86.Build.0 = Debug|x86
		{DD0D3BC6-818C-4A1B-8A4E-95CBFD088F91}.Release|Any CPU.ActiveCfg = Release|x86
		{DD0D3BC6-818C-4A1B-8A4E-95CBFD088F91}.Release|Mixed Platforms.ActiveCfg = Release|x86
		{DD0D3BC6-818C-4A1B-8A4E-95CBFD088F91}.Release|Mixed Platforms.Build.0 = Release|x86
		{DD0D3BC6-818C-4A1B-8A4E-95CBFD088F91}.Release|x86.ActiveCfg = Release|x86
		{DD0D3BC6-818C-4A1B-8A4E-95CBFD088F91}.Release|x86.Build.0 = Release|x86
		{D6394F37-0417-45EC-82B7-66E2D4E61E8F}.Debug|Any CPU.ActiveCfg = Debug|Any CPU
		{D6394F37-0417-45EC-82B7-66E2D4E61E8F}.Debug|Any CPU.Build.0 = Debug|Any CPU
		{D6394F37-0417-45EC-82B7-66E2D4E61E8F}.Debug|Mixed Platforms.ActiveCfg = Debug|Any CPU
		{D6394F37-0417-45EC-82B7-66E2D4E61E8F}.Debug|Mixed Platforms.Build.0 = Debug|Any CPU
		{D6394F37-0417-45EC-82B7-66E2D4E61E8F}.Debug|x86.ActiveCfg = Debug|Any CPU
		{D6394F37-0417-45EC-82B7-66E2D4E61E8F}.Debug|x86.Build.0 = Debug|Any CPU
		{D6394F37-0417-45EC-82B7-66E2D4E61E8F}.Release|Any CPU.ActiveCfg = Release|Any CPU
		{D6394F37-0417-45EC-82B7-66E2D4E61E8F}.Release|Any CPU.Build.0 = Release|Any CPU
		{D6394F37-0417-45EC-82B7-66E2D4E61E8F}.Release|Mixed Platforms.ActiveCfg = Release|Any CPU
		{D6394F37-0417-45EC-82B7-66E2D4E61E8F}.Release|Mixed Platforms.Build.0 = Release|Any CPU
		{D6394F37-0417-45EC-82B7-66E2D4E61E8F}.Release|x86.ActiveCfg = Release|Any CPU
		{D6394F37-0417-45EC-82B7-66E2D4E61E8F}.Release|x86.Build.0 = Release|Any CPU
	EndGlobalSection
	GlobalSection(SolutionProperties) = preSolution
		HideSolutionNode = FALSE
	EndGlobalSection
	GlobalSection(NestedProjects) = preSolution
		{38D7AA58-C95B-449B-86C6-A8073A56E11F} = {F90CD951-4E3D-4D11-B027-9BF64B0AACC9}
		{E22E2694-E270-4D70-AA82-E85A17E670B2} = {8C5CE879-89BA-4605-925F-33F813BBF129}
		{4E3CC450-E8CA-49C0-BCF9-E1AF71DE1CEF} = {F90CD951-4E3D-4D11-B027-9BF64B0AACC9}
		{765B0FB4-DEB2-403F-9EAD-0B4627A995EE} = {F90CD951-4E3D-4D11-B027-9BF64B0AACC9}
		{3A920D14-BF45-4C8C-B140-4A41BACA6A82} = {F90CD951-4E3D-4D11-B027-9BF64B0AACC9}
		{0FDE8FE6-93D4-463E-B0E4-22EEF031E607} = {F90CD951-4E3D-4D11-B027-9BF64B0AACC9}
		{BF11A23A-9C9C-4EC8-B3CE-FB76CE112FEE} = {E2D5CA64-B289-491D-9EAE-144429DD78CA}
		{50A1D641-CD77-49AB-88C1-266C04A28B27} = {8C5CE879-89BA-4605-925F-33F813BBF129}
		{52C4A8FB-B358-422B-A3A1-09EA73203D68} = {E2D5CA64-B289-491D-9EAE-144429DD78CA}
		{F37FAF4F-83D0-4B37-ABB2-BE76CEF0F3B4} = {E2D5CA64-B289-491D-9EAE-144429DD78CA}
		{66816E20-66B9-4BAB-871F-45EFE110146B} = {E2D5CA64-B289-491D-9EAE-144429DD78CA}
		{0A41A74D-09B3-4210-AD83-A5F7F26643C4} = {E2D5CA64-B289-491D-9EAE-144429DD78CA}
		{9FBE17E9-D940-4D0C-BDD2-F084C24DE017} = {E2D5CA64-B289-491D-9EAE-144429DD78CA}
		{67A2097C-482C-4E08-A3BB-CF7A01C2FFE1} = {E2D5CA64-B289-491D-9EAE-144429DD78CA}
		{9722B8C9-701E-4F27-835F-EF9C79A7C554} = {E2D5CA64-B289-491D-9EAE-144429DD78CA}
		{F916A046-8D39-4038-892E-EF00A83CAF22} = {E2D5CA64-B289-491D-9EAE-144429DD78CA}
		{99D0DFB4-216C-457B-B004-4F2914CF7AAB} = {8C5CE879-89BA-4605-925F-33F813BBF129}
		{D23412B1-67C7-41AD-8ECB-7FFA2224DE48} = {8C5CE879-89BA-4605-925F-33F813BBF129}
		{44D6B3B7-4B8F-402D-ACDC-D25564BF03A8} = {E2D5CA64-B289-491D-9EAE-144429DD78CA}
		{307AD912-E473-43A4-975B-78A430D0F398} = {8C5CE879-89BA-4605-925F-33F813BBF129}
		{307AD912-E473-43A4-975B-78A430D0F399} = {E2D5CA64-B289-491D-9EAE-144429DD78CA}
		{154257F9-014F-40ED-AD4E-73C13C482653} = {E2D5CA64-B289-491D-9EAE-144429DD78CA}
		{13C525AD-74DB-43A9-944B-C1B2C99C228B} = {8C5CE879-89BA-4605-925F-33F813BBF129}
		{D35152F9-A061-4586-B834-58C180F3A97D} = {E2D5CA64-B289-491D-9EAE-144429DD78CA}
		{491C1568-FB8B-4521-9A11-1315AE5C7DDC} = {0A539509-35C9-4C07-863E-81D0180A80FF}
		{8B5A6D30-A185-4ED7-9D91-A3CB4B2333D5} = {0A539509-35C9-4C07-863E-81D0180A80FF}
		{3D4FDE61-0C66-4A6A-9AC4-51DAEB12FB95} = {8C5CE879-89BA-4605-925F-33F813BBF129}
		{4372331B-06CC-4449-AE0D-516C79E6A9C4} = {8C5CE879-89BA-4605-925F-33F813BBF129}
		{141707B1-B60C-45C0-96CE-0EFB6667CEFD} = {8C5CE879-89BA-4605-925F-33F813BBF129}
		{07141F01-D925-4637-8277-588BF3BCB411} = {E2D5CA64-B289-491D-9EAE-144429DD78CA}
		{9C11CAE5-5188-4E71-825B-68FC3135728A} = {E2D5CA64-B289-491D-9EAE-144429DD78CA}
		{DD0D3BC6-818C-4A1B-8A4E-95CBFD088F91} = {8C5CE879-89BA-4605-925F-33F813BBF129}
		{D6394F37-0417-45EC-82B7-66E2D4E61E8F} = {E2D5CA64-B289-491D-9EAE-144429DD78CA}
	EndGlobalSection
EndGlobal
